{
  "pins" : [
    {
      "identity" : "lunar-swift",
      "kind" : "remoteSourceControl",
      "location" : "https://github.com/6tail/lunar-swift",
      "state" : {
        "branch" : "master",
        "revision" : "a7ec0e9b29f84a5d98b09b9ffd31145f17470d56"
      }
    }
  ],
  "version" : 2
}
